
Microsoft Visual Studio Solution File, Format Version 12.00
# Visual Studio Version 16
VisualStudioVersion = 16.0.31112.23
MinimumVisualStudioVersion = 10.0.40219.1
Project("{FAE04EC0-301F-11D3-BF4B-00C04F79EFBC}") = "DR.Services.Todo", "src\DR.Services.Todo\DR.Services.Todo.csproj", "{EB6BDA06-6200-4A9A-A163-423FE4B33EEB}"
EndProject
Global
	GlobalSection(SolutionConfigurationPlatforms) = preSolution
		Debug|Any CPU = Debug|Any CPU
		Release|Any CPU = Release|Any CPU
	EndGlobalSection
	GlobalSection(ProjectConfigurationPlatforms) = postSolution
		{EB6BDA06-6200-4A9A-A163-423FE4B33EEB}.Debug|Any CPU.ActiveCfg = Debug|Any CPU
		{EB6BDA06-6200-4A9A-A163-423FE4B33EEB}.Debug|Any CPU.Build.0 = Debug|Any CPU
		{EB6BDA06-6200-4A9A-A163-423FE4B33EEB}.Release|Any CPU.ActiveCfg = Release|Any CPU
		{EB6BDA06-6200-4A9A-A163-423FE4B33EEB}.Release|Any CPU.Build.0 = Release|Any CPU
	EndGlobalSection
	GlobalSection(SolutionProperties) = preSolution
		HideSolutionNode = FALSE
	EndGlobalSection
	GlobalSection(ExtensibilityGlobals) = postSolution
		SolutionGuid = {3EF5E502-9785-42A1-97D2-613DB07F3B04}
	EndGlobalSection
EndGlobal
